
Microsoft Visual Studio Solution File, Format Version 12.00
# Visual Studio Version 17
VisualStudioVersion = 17.6.33829.357
MinimumVisualStudioVersion = 10.0.40219.1
Project("{FAE04EC0-301F-11D3-BF4B-00C04F79EFBC}") = "UcakBiletRezervasyonProgrami", "UcakBiletRezervasyonProgrami\UcakBiletRezervasyonProgrami.csproj", "{D7CB6DC1-B0AD-49D0-85A1-07A4EEB09465}"
EndProject
Global
	GlobalSection(SolutionConfigurationPlatforms) = preSolution
		Debug|Any CPU = Debug|Any CPU
		Release|Any CPU = Release|Any CPU
	EndGlobalSection
	GlobalSection(ProjectConfigurationPlatforms) = postSolution
		{D7CB6DC1-B0AD-49D0-85A1-07A4EEB09465}.Debug|Any CPU.ActiveCfg = Debug|Any CPU
		{D7CB6DC1-B0AD-49D0-85A1-07A4EEB09465}.Debug|Any CPU.Build.0 = Debug|Any CPU
		{D7CB6DC1-B0AD-49D0-85A1-07A4EEB09465}.Release|Any CPU.ActiveCfg = Release|Any CPU
		{D7CB6DC1-B0AD-49D0-85A1-07A4EEB09465}.Release|Any CPU.Build.0 = Release|Any CPU
	EndGlobalSection
	GlobalSection(SolutionProperties) = preSolution
		HideSolutionNode = FALSE
	EndGlobalSection
	GlobalSection(ExtensibilityGlobals) = postSolution
		SolutionGuid = {228546F0-3C10-4407-BFC4-99AE487EEFC7}
	EndGlobalSection
EndGlobal
